
Microsoft Visual Studio Solution File, Format Version 12.00
# Visual Studio Version 16
VisualStudioVersion = 16.0.31112.23
MinimumVisualStudioVersion = 10.0.40219.1
Project("{2150E333-8FDC-42A3-9474-1A3956D46DE8}") = "Services", "Services", "{4F3F0180-88CC-4EB3-A1F6-07C68BA6E1C4}"
EndProject
Project("{2150E333-8FDC-42A3-9474-1A3956D46DE8}") = "Catalog", "Catalog", "{4D87F5EB-78C7-486A-932C-2F75B4AB34CA}"
EndProject
Project("{9A19103F-16F7-4668-BE54-9A1E7A4F7556}") = "Catalog.API", "Services\Catalog\Catalog.API\Catalog.API.csproj", "{84A3578B-13F8-49E9-8BCE-2FAAD2225B15}"
EndProject
Project("{E53339B2-1760-4266-BCC7-CA923CBCF16C}") = "docker-compose", "docker-compose.dcproj", "{9D89A5DF-3AD7-426C-B68D-AF015BF7DE05}"
EndProject
Project("{2150E333-8FDC-42A3-9474-1A3956D46DE8}") = "Basket", "Basket", "{B14935DC-089E-4804-80E7-88C26A1185D7}"
EndProject
Project("{9A19103F-16F7-4668-BE54-9A1E7A4F7556}") = "Basket.API", "Services\Basket\Basket.API\Basket.API.csproj", "{1D620253-8AFF-47F7-9741-12C188D3FD5E}"
EndProject
Project("{2150E333-8FDC-42A3-9474-1A3956D46DE8}") = "Discount", "Discount", "{3919E3FF-A5A1-4406-B03C-D76007FC7486}"
EndProject
Project("{9A19103F-16F7-4668-BE54-9A1E7A4F7556}") = "Discount.API", "Services\Discount\Discount.API\Discount.API.csproj", "{9755F038-7592-4342-93B7-B88E42A80A7F}"
EndProject
Project("{9A19103F-16F7-4668-BE54-9A1E7A4F7556}") = "Discount.Grpc", "services\Discount\Discount.Grpc\Discount.Grpc.csproj", "{55B08421-48D7-4F47-A672-514F20BF2683}"
EndProject
Project("{2150E333-8FDC-42A3-9474-1A3956D46DE8}") = "Ordering", "Ordering", "{A30FF9CD-1232-4A36-981B-F06A1A4BDF0A}"
EndProject
Project("{9A19103F-16F7-4668-BE54-9A1E7A4F7556}") = "Ordering.API", "Services\Ordering\Ordering.API\Ordering.API.csproj", "{50D7F9E9-0AB2-48AA-BF2E-A6291CF73C49}"
EndProject
Project("{9A19103F-16F7-4668-BE54-9A1E7A4F7556}") = "Ordering.Domain", "Services\Ordering\Ordering.Domain\Ordering.Domain.csproj", "{9EC5EA12-3F3F-478A-B68A-296CAE69E59A}"
EndProject
Project("{9A19103F-16F7-4668-BE54-9A1E7A4F7556}") = "Ordering.Application", "Services\Ordering\Ordering.Application\Ordering.Application.csproj", "{A7D924F8-B273-4E74-8453-1318036D15F6}"
EndProject
Project("{9A19103F-16F7-4668-BE54-9A1E7A4F7556}") = "Ordering.Infrastructure", "Services\Ordering\Ordering.Infrastructure\Ordering.Infrastructure.csproj", "{5025E038-7990-4E03-B97E-315F32EA2994}"
EndProject
Project("{2150E333-8FDC-42A3-9474-1A3956D46DE8}") = "BuildingBlocks", "BuildingBlocks", "{042ED68E-CA75-44D3-8DC1-259F627AB0AC}"
EndProject
Project("{9A19103F-16F7-4668-BE54-9A1E7A4F7556}") = "EventBus.Messages", "BuildingBlocks\EventBus.Messages\EventBus.Messages.csproj", "{FA1E8091-9DFF-412B-93D7-F86BF619A5CF}"
EndProject
Project("{2150E333-8FDC-42A3-9474-1A3956D46DE8}") = "ApiGateways", "ApiGateways", "{87CDB040-BB67-48CC-90DD-13143384ECE6}"
EndProject
Project("{9A19103F-16F7-4668-BE54-9A1E7A4F7556}") = "OcelotApiGw", "ApiGateways\OcelotApiGw\OcelotApiGw.csproj", "{4FE664BD-0510-4282-B81B-FC02EFA449E8}"
EndProject
Project("{FAE04EC0-301F-11D3-BF4B-00C04F79EFBC}") = "Shopping.Aggregator", "ApiGateways\Shopping.Aggregator\Shopping.Aggregator.csproj", "{06ADA69E-61A7-493D-B5D4-F37349E81860}"
EndProject
Global
	GlobalSection(SolutionConfigurationPlatforms) = preSolution
		Debug|Any CPU = Debug|Any CPU
		Release|Any CPU = Release|Any CPU
	EndGlobalSection
	GlobalSection(ProjectConfigurationPlatforms) = postSolution
		{84A3578B-13F8-49E9-8BCE-2FAAD2225B15}.Debug|Any CPU.ActiveCfg = Debug|Any CPU
		{84A3578B-13F8-49E9-8BCE-2FAAD2225B15}.Debug|Any CPU.Build.0 = Debug|Any CPU
		{84A3578B-13F8-49E9-8BCE-2FAAD2225B15}.Release|Any CPU.ActiveCfg = Release|Any CPU
		{84A3578B-13F8-49E9-8BCE-2FAAD2225B15}.Release|Any CPU.Build.0 = Release|Any CPU
		{9D89A5DF-3AD7-426C-B68D-AF015BF7DE05}.Debug|Any CPU.ActiveCfg = Debug|Any CPU
		{9D89A5DF-3AD7-426C-B68D-AF015BF7DE05}.Debug|Any CPU.Build.0 = Debug|Any CPU
		{9D89A5DF-3AD7-426C-B68D-AF015BF7DE05}.Release|Any CPU.ActiveCfg = Release|Any CPU
		{9D89A5DF-3AD7-426C-B68D-AF015BF7DE05}.Release|Any CPU.Build.0 = Release|Any CPU
		{1D620253-8AFF-47F7-9741-12C188D3FD5E}.Debug|Any CPU.ActiveCfg = Debug|Any CPU
		{1D620253-8AFF-47F7-9741-12C188D3FD5E}.Debug|Any CPU.Build.0 = Debug|Any CPU
		{1D620253-8AFF-47F7-9741-12C188D3FD5E}.Release|Any CPU.ActiveCfg = Release|Any CPU
		{1D620253-8AFF-47F7-9741-12C188D3FD5E}.Release|Any CPU.Build.0 = Release|Any CPU
		{9755F038-7592-4342-93B7-B88E42A80A7F}.Debug|Any CPU.ActiveCfg = Debug|Any CPU
		{9755F038-7592-4342-93B7-B88E42A80A7F}.Debug|Any CPU.Build.0 = Debug|Any CPU
		{9755F038-7592-4342-93B7-B88E42A80A7F}.Release|Any CPU.ActiveCfg = Release|Any CPU
		{9755F038-7592-4342-93B7-B88E42A80A7F}.Release|Any CPU.Build.0 = Release|Any CPU
		{55B08421-48D7-4F47-A672-514F20BF2683}.Debug|Any CPU.ActiveCfg = Debug|Any CPU
		{55B08421-48D7-4F47-A672-514F20BF2683}.Debug|Any CPU.Build.0 = Debug|Any CPU
		{55B08421-48D7-4F47-A672-514F20BF2683}.Release|Any CPU.ActiveCfg = Release|Any CPU
		{55B08421-48D7-4F47-A672-514F20BF2683}.Release|Any CPU.Build.0 = Release|Any CPU
		{50D7F9E9-0AB2-48AA-BF2E-A6291CF73C49}.Debug|Any CPU.ActiveCfg = Debug|Any CPU
		{50D7F9E9-0AB2-48AA-BF2E-A6291CF73C49}.Debug|Any CPU.Build.0 = Debug|Any CPU
		{50D7F9E9-0AB2-48AA-BF2E-A6291CF73C49}.Release|Any CPU.ActiveCfg = Release|Any CPU
		{50D7F9E9-0AB2-48AA-BF2E-A6291CF73C49}.Release|Any CPU.Build.0 = Release|Any CPU
		{9EC5EA12-3F3F-478A-B68A-296CAE69E59A}.Debug|Any CPU.ActiveCfg = Debug|Any CPU
		{9EC5EA12-3F3F-478A-B68A-296CAE69E59A}.Debug|Any CPU.Build.0 = Debug|Any CPU
		{9EC5EA12-3F3F-478A-B68A-296CAE69E59A}.Release|Any CPU.ActiveCfg = Release|Any CPU
		{9EC5EA12-3F3F-478A-B68A-296CAE69E59A}.Release|Any CPU.Build.0 = Release|Any CPU
		{A7D924F8-B273-4E74-8453-1318036D15F6}.Debug|Any CPU.ActiveCfg = Debug|Any CPU
		{A7D924F8-B273-4E74-8453-1318036D15F6}.Debug|Any CPU.Build.0 = Debug|Any CPU
		{A7D924F8-B273-4E74-8453-1318036D15F6}.Release|Any CPU.ActiveCfg = Release|Any CPU
		{A7D924F8-B273-4E74-8453-1318036D15F6}.Release|Any CPU.Build.0 = Release|Any CPU
		{5025E038-7990-4E03-B97E-315F32EA2994}.Debug|Any CPU.ActiveCfg = Debug|Any CPU
		{5025E038-7990-4E03-B97E-315F32EA2994}.Debug|Any CPU.Build.0 = Debug|Any CPU
		{5025E038-7990-4E03-B97E-315F32EA2994}.Release|Any CPU.ActiveCfg = Release|Any CPU
		{5025E038-7990-4E03-B97E-315F32EA2994}.Release|Any CPU.Build.0 = Release|Any CPU
		{FA1E8091-9DFF-412B-93D7-F86BF619A5CF}.Debug|Any CPU.ActiveCfg = Debug|Any CPU
		{FA1E8091-9DFF-412B-93D7-F86BF619A5CF}.Debug|Any CPU.Build.0 = Debug|Any CPU
		{FA1E8091-9DFF-412B-93D7-F86BF619A5CF}.Release|Any CPU.ActiveCfg = Release|Any CPU
		{FA1E8091-9DFF-412B-93D7-F86BF619A5CF}.Release|Any CPU.Build.0 = Release|Any CPU
		{4FE664BD-0510-4282-B81B-FC02EFA449E8}.Debug|Any CPU.ActiveCfg = Debug|Any CPU
		{4FE664BD-0510-4282-B81B-FC02EFA449E8}.Debug|Any CPU.Build.0 = Debug|Any CPU
		{4FE664BD-0510-4282-B81B-FC02EFA449E8}.Release|Any CPU.ActiveCfg = Release|Any CPU
		{4FE664BD-0510-4282-B81B-FC02EFA449E8}.Release|Any CPU.Build.0 = Release|Any CPU
		{06ADA69E-61A7-493D-B5D4-F37349E81860}.Debug|Any CPU.ActiveCfg = Debug|Any CPU
		{06ADA69E-61A7-493D-B5D4-F37349E81860}.Debug|Any CPU.Build.0 = Debug|Any CPU
		{06ADA69E-61A7-493D-B5D4-F37349E81860}.Release|Any CPU.ActiveCfg = Release|Any CPU
		{06ADA69E-61A7-493D-B5D4-F37349E81860}.Release|Any CPU.Build.0 = Release|Any CPU
	EndGlobalSection
	GlobalSection(SolutionProperties) = preSolution
		HideSolutionNode = FALSE
	EndGlobalSection
	GlobalSection(NestedProjects) = preSolution
		{4D87F5EB-78C7-486A-932C-2F75B4AB34CA} = {4F3F0180-88CC-4EB3-A1F6-07C68BA6E1C4}
		{84A3578B-13F8-49E9-8BCE-2FAAD2225B15} = {4D87F5EB-78C7-486A-932C-2F75B4AB34CA}
		{B14935DC-089E-4804-80E7-88C26A1185D7} = {4F3F0180-88CC-4EB3-A1F6-07C68BA6E1C4}
		{1D620253-8AFF-47F7-9741-12C188D3FD5E} = {B14935DC-089E-4804-80E7-88C26A1185D7}
		{3919E3FF-A5A1-4406-B03C-D76007FC7486} = {4F3F0180-88CC-4EB3-A1F6-07C68BA6E1C4}
		{9755F038-7592-4342-93B7-B88E42A80A7F} = {3919E3FF-A5A1-4406-B03C-D76007FC7486}
		{55B08421-48D7-4F47-A672-514F20BF2683} = {3919E3FF-A5A1-4406-B03C-D76007FC7486}
		{A30FF9CD-1232-4A36-981B-F06A1A4BDF0A} = {4F3F0180-88CC-4EB3-A1F6-07C68BA6E1C4}
		{50D7F9E9-0AB2-48AA-BF2E-A6291CF73C49} = {A30FF9CD-1232-4A36-981B-F06A1A4BDF0A}
		{9EC5EA12-3F3F-478A-B68A-296CAE69E59A} = {A30FF9CD-1232-4A36-981B-F06A1A4BDF0A}
		{A7D924F8-B273-4E74-8453-1318036D15F6} = {A30FF9CD-1232-4A36-981B-F06A1A4BDF0A}
		{5025E038-7990-4E03-B97E-315F32EA2994} = {A30FF9CD-1232-4A36-981B-F06A1A4BDF0A}
		{FA1E8091-9DFF-412B-93D7-F86BF619A5CF} = {042ED68E-CA75-44D3-8DC1-259F627AB0AC}
		{4FE664BD-0510-4282-B81B-FC02EFA449E8} = {87CDB040-BB67-48CC-90DD-13143384ECE6}
		{06ADA69E-61A7-493D-B5D4-F37349E81860} = {87CDB040-BB67-48CC-90DD-13143384ECE6}
	EndGlobalSection
	GlobalSection(ExtensibilityGlobals) = postSolution
		SolutionGuid = {35E74745-7EC5-4A97-BCE1-A85B09015A3E}
	EndGlobalSection
EndGlobal
